
Microsoft Visual Studio Solution File, Format Version 12.00
# Visual Studio Version 16
VisualStudioVersion = 16.0.30523.141
MinimumVisualStudioVersion = 10.0.40219.1
Project("{FAE04EC0-301F-11D3-BF4B-00C04F79EFBC}") = "OnlineStoreUMLproject", "OnlineStoreUMLproject\OnlineStoreUMLproject.csproj", "{8201DA65-E67A-4007-97F5-9E3D3229071B}"
EndProject
Global
	GlobalSection(SolutionConfigurationPlatforms) = preSolution
		Debug|Any CPU = Debug|Any CPU
		Release|Any CPU = Release|Any CPU
	EndGlobalSection
	GlobalSection(ProjectConfigurationPlatforms) = postSolution
		{8201DA65-E67A-4007-97F5-9E3D3229071B}.Debug|Any CPU.ActiveCfg = Debug|Any CPU
		{8201DA65-E67A-4007-97F5-9E3D3229071B}.Debug|Any CPU.Build.0 = Debug|Any CPU
		{8201DA65-E67A-4007-97F5-9E3D3229071B}.Release|Any CPU.ActiveCfg = Release|Any CPU
		{8201DA65-E67A-4007-97F5-9E3D3229071B}.Release|Any CPU.Build.0 = Release|Any CPU
	EndGlobalSection
	GlobalSection(SolutionProperties) = preSolution
		HideSolutionNode = FALSE
	EndGlobalSection
	GlobalSection(ExtensibilityGlobals) = postSolution
		SolutionGuid = {2FA45690-B75E-46F0-93CE-9C52E780C24C}
	EndGlobalSection
EndGlobal
